
Microsoft Visual Studio Solution File, Format Version 12.00
# Visual Studio 15
VisualStudioVersion = 15.0.27428.2005
MinimumVisualStudioVersion = 10.0.40219.1
Project("{8BC9CEB8-8B4A-11D0-8D11-00A0C91BC942}") = "OpenCL-Benchmark", "OpenCL-Benchmark.vcxproj", "{B07BD873-9CD9-4F0B-AAA8-8AE6FE22F76A}"
EndProject
Global
	GlobalSection(SolutionConfigurationPlatforms) = preSolution
		Debug|x64 = Debug|x64
		Debug|x86 = Debug|x86
		Release|x64 = Release|x64
		Release|x86 = Release|x86
	EndGlobalSection
	GlobalSection(ProjectConfigurationPlatforms) = postSolution
		{B07BD873-9CD9-4F0B-AAA8-8AE6FE22F76A}.Debug|x64.ActiveCfg = Debug|x64
		{B07BD873-9CD9-4F0B-AAA8-8AE6FE22F76A}.Debug|x64.Build.0 = Debug|x64
		{B07BD873-9CD9-4F0B-AAA8-8AE6FE22F76A}.Debug|x86.ActiveCfg = Debug|Win32
		{B07BD873-9CD9-4F0B-AAA8-8AE6FE22F76A}.Debug|x86.Build.0 = Debug|Win32
		{B07BD873-9CD9-4F0B-AAA8-8AE6FE22F76A}.Release|x64.ActiveCfg = Release|x64
		{B07BD873-9CD9-4F0B-AAA8-8AE6FE22F76A}.Release|x64.Build.0 = Release|x64
		{B07BD873-9CD9-4F0B-AAA8-8AE6FE22F76A}.Release|x86.ActiveCfg = Release|Win32
		{B07BD873-9CD9-4F0B-AAA8-8AE6FE22F76A}.Release|x86.Build.0 = Release|Win32
	EndGlobalSection
	GlobalSection(SolutionProperties) = preSolution
		HideSolutionNode = FALSE
	EndGlobalSection
	GlobalSection(ExtensibilityGlobals) = postSolution
		SolutionGuid = {CF46CF2E-5B57-4081-86EB-6E1333CB46A3}
	EndGlobalSection
EndGlobal
